// !$*UTF8*$!
{
	archiveVersion = 1;
	classes = {
	};
	objectVersion = 56;
	objects = {

/* Begin PBXBuildFile section */
		C76463A1299F74F400AF0413 /* ZIndices.swift in Sources */ = {isa = PBXBuildFile; fileRef = C764637A299F74F200AF0413 /* ZIndices.swift */; };
		C76463A2299F74F400AF0413 /* LaunchScreen.storyboard in Resources */ = {isa = PBXBuildFile; fileRef = C764637B299F74F200AF0413 /* LaunchScreen.storyboard */; };
		C76463A3299F74F400AF0413 /* Main.storyboard in Resources */ = {isa = PBXBuildFile; fileRef = C764637D299F74F200AF0413 /* Main.storyboard */; };
		C76463A4299F74F400AF0413 /* CanvasObject.swift in Sources */ = {isa = PBXBuildFile; fileRef = C7646380299F74F200AF0413 /* CanvasObject.swift */; };
		C76463A5299F74F400AF0413 /* PegView.swift in Sources */ = {isa = PBXBuildFile; fileRef = C7646381299F74F200AF0413 /* PegView.swift */; };
		C76463A6299F74F400AF0413 /* PaletteButton.swift in Sources */ = {isa = PBXBuildFile; fileRef = C7646382299F74F200AF0413 /* PaletteButton.swift */; };
		C76463A7299F74F400AF0413 /* BallView.swift in Sources */ = {isa = PBXBuildFile; fileRef = C7646383299F74F200AF0413 /* BallView.swift */; };
		C76463A8299F74F400AF0413 /* CannonView.swift in Sources */ = {isa = PBXBuildFile; fileRef = C7646384299F74F200AF0413 /* CannonView.swift */; };
		C76463A9299F74F400AF0413 /* LevelDesignController.swift in Sources */ = {isa = PBXBuildFile; fileRef = C7646386299F74F200AF0413 /* LevelDesignController.swift */; };
		C76463AA299F74F400AF0413 /* LevelSelectController.swift in Sources */ = {isa = PBXBuildFile; fileRef = C7646387299F74F200AF0413 /* LevelSelectController.swift */; };
		C76463AB299F74F400AF0413 /* GameplayController.swift in Sources */ = {isa = PBXBuildFile; fileRef = C7646388299F74F200AF0413 /* GameplayController.swift */; };
		C76463AC299F74F400AF0413 /* CGPath.swift in Sources */ = {isa = PBXBuildFile; fileRef = C764638A299F74F300AF0413 /* CGPath.swift */; };
		C76463AD299F74F400AF0413 /* CGVector.swift in Sources */ = {isa = PBXBuildFile; fileRef = C764638B299F74F300AF0413 /* CGVector.swift */; };
		C76463AE299F74F400AF0413 /* CGPoint.swift in Sources */ = {isa = PBXBuildFile; fileRef = C764638C299F74F300AF0413 /* CGPoint.swift */; };
		C76463AF299F74F400AF0413 /* CGRect.swift in Sources */ = {isa = PBXBuildFile; fileRef = C764638D299F74F300AF0413 /* CGRect.swift */; };
		C76463B0299F74F400AF0413 /* JSONLevelStorage.swift in Sources */ = {isa = PBXBuildFile; fileRef = C7646390299F74F300AF0413 /* JSONLevelStorage.swift */; };
		C76463B1299F74F400AF0413 /* SavedLevel.swift in Sources */ = {isa = PBXBuildFile; fileRef = C7646391299F74F300AF0413 /* SavedLevel.swift */; };
		C76463B2299F74F400AF0413 /* LevelDesigner.swift in Sources */ = {isa = PBXBuildFile; fileRef = C7646393299F74F300AF0413 /* LevelDesigner.swift */; };
		C76463B3299F74F400AF0413 /* Peg.swift in Sources */ = {isa = PBXBuildFile; fileRef = C7646394299F74F300AF0413 /* Peg.swift */; };
		C76463B4299F74F400AF0413 /* GameboardObject.swift in Sources */ = {isa = PBXBuildFile; fileRef = C7646395299F74F300AF0413 /* GameboardObject.swift */; };
		C76463B5299F74F400AF0413 /* Gameboard.swift in Sources */ = {isa = PBXBuildFile; fileRef = C7646396299F74F300AF0413 /* Gameboard.swift */; };
		C76463B6299F74F400AF0413 /* PhysicsBodyProtocols.swift in Sources */ = {isa = PBXBuildFile; fileRef = C7646398299F74F300AF0413 /* PhysicsBodyProtocols.swift */; };
		C76463B7299F74F400AF0413 /* CollisionResolver.swift in Sources */ = {isa = PBXBuildFile; fileRef = C7646399299F74F300AF0413 /* CollisionResolver.swift */; };
		C76463B8299F74F400AF0413 /* PhysicsBody.swift in Sources */ = {isa = PBXBuildFile; fileRef = C764639A299F74F300AF0413 /* PhysicsBody.swift */; };
		C76463B9299F74F400AF0413 /* PhysicsCollision.swift in Sources */ = {isa = PBXBuildFile; fileRef = C764639B299F74F300AF0413 /* PhysicsCollision.swift */; };
		C76463BA299F74F400AF0413 /* PhysicsWorld.swift in Sources */ = {isa = PBXBuildFile; fileRef = C764639C299F74F300AF0413 /* PhysicsWorld.swift */; };
		C76463BB299F74F400AF0413 /* GameEngine.swift in Sources */ = {isa = PBXBuildFile; fileRef = C764639E299F74F300AF0413 /* GameEngine.swift */; };
		C76463BC299F74F400AF0413 /* Wall.swift in Sources */ = {isa = PBXBuildFile; fileRef = C764639F299F74F300AF0413 /* Wall.swift */; };
		C76463BD299F74F400AF0413 /* Ball.swift in Sources */ = {isa = PBXBuildFile; fileRef = C76463A0299F74F300AF0413 /* Ball.swift */; };
		C796C334299D3AE800ADC141 /* AppDelegate.swift in Sources */ = {isa = PBXBuildFile; fileRef = C796C333299D3AE800ADC141 /* AppDelegate.swift */; };
		C796C336299D3AE800ADC141 /* SceneDelegate.swift in Sources */ = {isa = PBXBuildFile; fileRef = C796C335299D3AE800ADC141 /* SceneDelegate.swift */; };
		C796C33D299D3AEA00ADC141 /* Assets.xcassets in Resources */ = {isa = PBXBuildFile; fileRef = C796C33C299D3AEA00ADC141 /* Assets.xcassets */; };
		C796C34B299D3AEB00ADC141 /* AsteroidStrikeTests.swift in Sources */ = {isa = PBXBuildFile; fileRef = C796C34A299D3AEB00ADC141 /* AsteroidStrikeTests.swift */; };
		C796C355299D3AEB00ADC141 /* AsteroidStrikeUITests.swift in Sources */ = {isa = PBXBuildFile; fileRef = C796C354299D3AEB00ADC141 /* AsteroidStrikeUITests.swift */; };
		C796C357299D3AEB00ADC141 /* AsteroidStrikeUITestsLaunchTests.swift in Sources */ = {isa = PBXBuildFile; fileRef = C796C356299D3AEB00ADC141 /* AsteroidStrikeUITestsLaunchTests.swift */; };
		C7F056DA29A50FA100F035CD /* BlockView.swift in Sources */ = {isa = PBXBuildFile; fileRef = C7F056D929A50FA100F035CD /* BlockView.swift */; };
		C7F056DC29A5145400F035CD /* Block.swift in Sources */ = {isa = PBXBuildFile; fileRef = C7F056DB29A5145400F035CD /* Block.swift */; };
		C7F056E029A6328B00F035CD /* LevelDesignController+ActionButtons.swift in Sources */ = {isa = PBXBuildFile; fileRef = C7F056DF29A6328B00F035CD /* LevelDesignController+ActionButtons.swift */; };
		C7F056E229A6341300F035CD /* LevelDesignController+Palette.swift in Sources */ = {isa = PBXBuildFile; fileRef = C7F056E129A6341300F035CD /* LevelDesignController+Palette.swift */; };
		C7F056EB29A6554800F035CD /* ObserverPatternHelpers.swift in Sources */ = {isa = PBXBuildFile; fileRef = C7F056EA29A6554800F035CD /* ObserverPatternHelpers.swift */; };
/* End PBXBuildFile section */

/* Begin PBXContainerItemProxy section */
		C796C347299D3AEB00ADC141 /* PBXContainerItemProxy */ = {
			isa = PBXContainerItemProxy;
			containerPortal = C796C328299D3AE800ADC141 /* Project object */;
			proxyType = 1;
			remoteGlobalIDString = C796C32F299D3AE800ADC141;
			remoteInfo = AsteroidStrike;
		};
		C796C351299D3AEB00ADC141 /* PBXContainerItemProxy */ = {
			isa = PBXContainerItemProxy;
			containerPortal = C796C328299D3AE800ADC141 /* Project object */;
			proxyType = 1;
			remoteGlobalIDString = C796C32F299D3AE800ADC141;
			remoteInfo = AsteroidStrike;
		};
/* End PBXContainerItemProxy section */

/* Begin PBXFileReference section */
		C764637A299F74F200AF0413 /* ZIndices.swift */ = {isa = PBXFileReference; fileEncoding = 4; lastKnownFileType = sourcecode.swift; path = ZIndices.swift; sourceTree = "<group>"; };
		C764637C299F74F200AF0413 /* Base */ = {isa = PBXFileReference; lastKnownFileType = file.storyboard; name = Base; path = Base.lproj/LaunchScreen.storyboard; sourceTree = "<group>"; };
		C764637E299F74F200AF0413 /* Base */ = {isa = PBXFileReference; lastKnownFileType = file.storyboard; name = Base; path = Base.lproj/Main.storyboard; sourceTree = "<group>"; };
		C7646380299F74F200AF0413 /* CanvasObject.swift */ = {isa = PBXFileReference; fileEncoding = 4; lastKnownFileType = sourcecode.swift; path = CanvasObject.swift; sourceTree = "<group>"; };
		C7646381299F74F200AF0413 /* PegView.swift */ = {isa = PBXFileReference; fileEncoding = 4; lastKnownFileType = sourcecode.swift; path = PegView.swift; sourceTree = "<group>"; };
		C7646382299F74F200AF0413 /* PaletteButton.swift */ = {isa = PBXFileReference; fileEncoding = 4; lastKnownFileType = sourcecode.swift; path = PaletteButton.swift; sourceTree = "<group>"; };
		C7646383299F74F200AF0413 /* BallView.swift */ = {isa = PBXFileReference; fileEncoding = 4; lastKnownFileType = sourcecode.swift; path = BallView.swift; sourceTree = "<group>"; };
		C7646384299F74F200AF0413 /* CannonView.swift */ = {isa = PBXFileReference; fileEncoding = 4; lastKnownFileType = sourcecode.swift; path = CannonView.swift; sourceTree = "<group>"; };
		C7646386299F74F200AF0413 /* LevelDesignController.swift */ = {isa = PBXFileReference; fileEncoding = 4; lastKnownFileType = sourcecode.swift; path = LevelDesignController.swift; sourceTree = "<group>"; };
		C7646387299F74F200AF0413 /* LevelSelectController.swift */ = {isa = PBXFileReference; fileEncoding = 4; lastKnownFileType = sourcecode.swift; path = LevelSelectController.swift; sourceTree = "<group>"; };
		C7646388299F74F200AF0413 /* GameplayController.swift */ = {isa = PBXFileReference; fileEncoding = 4; lastKnownFileType = sourcecode.swift; path = GameplayController.swift; sourceTree = "<group>"; };
		C764638A299F74F300AF0413 /* CGPath.swift */ = {isa = PBXFileReference; fileEncoding = 4; lastKnownFileType = sourcecode.swift; path = CGPath.swift; sourceTree = "<group>"; };
		C764638B299F74F300AF0413 /* CGVector.swift */ = {isa = PBXFileReference; fileEncoding = 4; lastKnownFileType = sourcecode.swift; path = CGVector.swift; sourceTree = "<group>"; };
		C764638C299F74F300AF0413 /* CGPoint.swift */ = {isa = PBXFileReference; fileEncoding = 4; lastKnownFileType = sourcecode.swift; path = CGPoint.swift; sourceTree = "<group>"; };
		C764638D299F74F300AF0413 /* CGRect.swift */ = {isa = PBXFileReference; fileEncoding = 4; lastKnownFileType = sourcecode.swift; path = CGRect.swift; sourceTree = "<group>"; };
		C7646390299F74F300AF0413 /* JSONLevelStorage.swift */ = {isa = PBXFileReference; fileEncoding = 4; lastKnownFileType = sourcecode.swift; path = JSONLevelStorage.swift; sourceTree = "<group>"; };
		C7646391299F74F300AF0413 /* SavedLevel.swift */ = {isa = PBXFileReference; fileEncoding = 4; lastKnownFileType = sourcecode.swift; path = SavedLevel.swift; sourceTree = "<group>"; };
		C7646393299F74F300AF0413 /* LevelDesigner.swift */ = {isa = PBXFileReference; fileEncoding = 4; lastKnownFileType = sourcecode.swift; path = LevelDesigner.swift; sourceTree = "<group>"; };
		C7646394299F74F300AF0413 /* Peg.swift */ = {isa = PBXFileReference; fileEncoding = 4; lastKnownFileType = sourcecode.swift; path = Peg.swift; sourceTree = "<group>"; };
		C7646395299F74F300AF0413 /* GameboardObject.swift */ = {isa = PBXFileReference; fileEncoding = 4; lastKnownFileType = sourcecode.swift; path = GameboardObject.swift; sourceTree = "<group>"; };
		C7646396299F74F300AF0413 /* Gameboard.swift */ = {isa = PBXFileReference; fileEncoding = 4; lastKnownFileType = sourcecode.swift; path = Gameboard.swift; sourceTree = "<group>"; };
		C7646398299F74F300AF0413 /* PhysicsBodyProtocols.swift */ = {isa = PBXFileReference; fileEncoding = 4; lastKnownFileType = sourcecode.swift; path = PhysicsBodyProtocols.swift; sourceTree = "<group>"; };
		C7646399299F74F300AF0413 /* CollisionResolver.swift */ = {isa = PBXFileReference; fileEncoding = 4; lastKnownFileType = sourcecode.swift; path = CollisionResolver.swift; sourceTree = "<group>"; };
		C764639A299F74F300AF0413 /* PhysicsBody.swift */ = {isa = PBXFileReference; fileEncoding = 4; lastKnownFileType = sourcecode.swift; path = PhysicsBody.swift; sourceTree = "<group>"; };
		C764639B299F74F300AF0413 /* PhysicsCollision.swift */ = {isa = PBXFileReference; fileEncoding = 4; lastKnownFileType = sourcecode.swift; path = PhysicsCollision.swift; sourceTree = "<group>"; };
		C764639C299F74F300AF0413 /* PhysicsWorld.swift */ = {isa = PBXFileReference; fileEncoding = 4; lastKnownFileType = sourcecode.swift; path = PhysicsWorld.swift; sourceTree = "<group>"; };
		C764639E299F74F300AF0413 /* GameEngine.swift */ = {isa = PBXFileReference; fileEncoding = 4; lastKnownFileType = sourcecode.swift; path = GameEngine.swift; sourceTree = "<group>"; };
		C764639F299F74F300AF0413 /* Wall.swift */ = {isa = PBXFileReference; fileEncoding = 4; lastKnownFileType = sourcecode.swift; path = Wall.swift; sourceTree = "<group>"; };
		C76463A0299F74F300AF0413 /* Ball.swift */ = {isa = PBXFileReference; fileEncoding = 4; lastKnownFileType = sourcecode.swift; path = Ball.swift; sourceTree = "<group>"; };
		C796C330299D3AE800ADC141 /* AsteroidStrike.app */ = {isa = PBXFileReference; explicitFileType = wrapper.application; includeInIndex = 0; path = AsteroidStrike.app; sourceTree = BUILT_PRODUCTS_DIR; };
		C796C333299D3AE800ADC141 /* AppDelegate.swift */ = {isa = PBXFileReference; lastKnownFileType = sourcecode.swift; path = AppDelegate.swift; sourceTree = "<group>"; };
		C796C335299D3AE800ADC141 /* SceneDelegate.swift */ = {isa = PBXFileReference; lastKnownFileType = sourcecode.swift; path = SceneDelegate.swift; sourceTree = "<group>"; };
		C796C33C299D3AEA00ADC141 /* Assets.xcassets */ = {isa = PBXFileReference; lastKnownFileType = folder.assetcatalog; path = Assets.xcassets; sourceTree = "<group>"; };
		C796C341299D3AEA00ADC141 /* Info.plist */ = {isa = PBXFileReference; lastKnownFileType = text.plist.xml; path = Info.plist; sourceTree = "<group>"; };
		C796C346299D3AEB00ADC141 /* AsteroidStrikeTests.xctest */ = {isa = PBXFileReference; explicitFileType = wrapper.cfbundle; includeInIndex = 0; path = AsteroidStrikeTests.xctest; sourceTree = BUILT_PRODUCTS_DIR; };
		C796C34A299D3AEB00ADC141 /* AsteroidStrikeTests.swift */ = {isa = PBXFileReference; lastKnownFileType = sourcecode.swift; path = AsteroidStrikeTests.swift; sourceTree = "<group>"; };
		C796C350299D3AEB00ADC141 /* AsteroidStrikeUITests.xctest */ = {isa = PBXFileReference; explicitFileType = wrapper.cfbundle; includeInIndex = 0; path = AsteroidStrikeUITests.xctest; sourceTree = BUILT_PRODUCTS_DIR; };
		C796C354299D3AEB00ADC141 /* AsteroidStrikeUITests.swift */ = {isa = PBXFileReference; lastKnownFileType = sourcecode.swift; path = AsteroidStrikeUITests.swift; sourceTree = "<group>"; };
		C796C356299D3AEB00ADC141 /* AsteroidStrikeUITestsLaunchTests.swift */ = {isa = PBXFileReference; lastKnownFileType = sourcecode.swift; path = AsteroidStrikeUITestsLaunchTests.swift; sourceTree = "<group>"; };
		C7F056D929A50FA100F035CD /* BlockView.swift */ = {isa = PBXFileReference; lastKnownFileType = sourcecode.swift; path = BlockView.swift; sourceTree = "<group>"; };
		C7F056DB29A5145400F035CD /* Block.swift */ = {isa = PBXFileReference; lastKnownFileType = sourcecode.swift; path = Block.swift; sourceTree = "<group>"; };
		C7F056DF29A6328B00F035CD /* LevelDesignController+ActionButtons.swift */ = {isa = PBXFileReference; lastKnownFileType = sourcecode.swift; path = "LevelDesignController+ActionButtons.swift"; sourceTree = "<group>"; };
		C7F056E129A6341300F035CD /* LevelDesignController+Palette.swift */ = {isa = PBXFileReference; lastKnownFileType = sourcecode.swift; path = "LevelDesignController+Palette.swift"; sourceTree = "<group>"; };
		C7F056EA29A6554800F035CD /* ObserverPatternHelpers.swift */ = {isa = PBXFileReference; lastKnownFileType = sourcecode.swift; path = ObserverPatternHelpers.swift; sourceTree = "<group>"; };
/* End PBXFileReference section */

/* Begin PBXFrameworksBuildPhase section */
		C796C32D299D3AE800ADC141 /* Frameworks */ = {
			isa = PBXFrameworksBuildPhase;
			buildActionMask = 2147483647;
			files = (
			);
			runOnlyForDeploymentPostprocessing = 0;
		};
		C796C343299D3AEB00ADC141 /* Frameworks */ = {
			isa = PBXFrameworksBuildPhase;
			buildActionMask = 2147483647;
			files = (
			);
			runOnlyForDeploymentPostprocessing = 0;
		};
		C796C34D299D3AEB00ADC141 /* Frameworks */ = {
			isa = PBXFrameworksBuildPhase;
			buildActionMask = 2147483647;
			files = (
			);
			runOnlyForDeploymentPostprocessing = 0;
		};
/* End PBXFrameworksBuildPhase section */

/* Begin PBXGroup section */
		C7646378299F74F200AF0413 /* Views */ = {
			isa = PBXGroup;
			children = (
				C764637F299F74F200AF0413 /* Components */,
				C7646379299F74F200AF0413 /* Utils */,
				C764637B299F74F200AF0413 /* LaunchScreen.storyboard */,
				C764637D299F74F200AF0413 /* Main.storyboard */,
			);
			path = Views;
			sourceTree = "<group>";
		};
		C7646379299F74F200AF0413 /* Utils */ = {
			isa = PBXGroup;
			children = (
				C764637A299F74F200AF0413 /* ZIndices.swift */,
			);
			path = Utils;
			sourceTree = "<group>";
		};
		C764637F299F74F200AF0413 /* Components */ = {
			isa = PBXGroup;
			children = (
				C7646380299F74F200AF0413 /* CanvasObject.swift */,
				C7646381299F74F200AF0413 /* PegView.swift */,
				C7646382299F74F200AF0413 /* PaletteButton.swift */,
				C7646383299F74F200AF0413 /* BallView.swift */,
				C7646384299F74F200AF0413 /* CannonView.swift */,
				C7F056D929A50FA100F035CD /* BlockView.swift */,
			);
			path = Components;
			sourceTree = "<group>";
		};
		C7646385299F74F200AF0413 /* Controllers */ = {
			isa = PBXGroup;
			children = (
				C7646386299F74F200AF0413 /* LevelDesignController.swift */,
				C7F056E129A6341300F035CD /* LevelDesignController+Palette.swift */,
				C7F056DF29A6328B00F035CD /* LevelDesignController+ActionButtons.swift */,
				C7646387299F74F200AF0413 /* LevelSelectController.swift */,
				C7646388299F74F200AF0413 /* GameplayController.swift */,
			);
			path = Controllers;
			sourceTree = "<group>";
		};
		C7646389299F74F300AF0413 /* CGExtensions */ = {
			isa = PBXGroup;
			children = (
				C764638A299F74F300AF0413 /* CGPath.swift */,
				C764638B299F74F300AF0413 /* CGVector.swift */,
				C764638C299F74F300AF0413 /* CGPoint.swift */,
				C764638D299F74F300AF0413 /* CGRect.swift */,
			);
			path = CGExtensions;
			sourceTree = "<group>";
		};
		C764638E299F74F300AF0413 /* Models */ = {
			isa = PBXGroup;
			children = (
				C7646392299F74F300AF0413 /* LevelDesigner */,
				C7646397299F74F300AF0413 /* PhysicsEngine */,
				C764639D299F74F300AF0413 /* GameEngine */,
				C764638F299F74F300AF0413 /* Storage */,
				C7F056E929A6552F00F035CD /* Utils */,
			);
			path = Models;
			sourceTree = "<group>";
		};
		C764638F299F74F300AF0413 /* Storage */ = {
			isa = PBXGroup;
			children = (
				C7646390299F74F300AF0413 /* JSONLevelStorage.swift */,
				C7646391299F74F300AF0413 /* SavedLevel.swift */,
			);
			path = Storage;
			sourceTree = "<group>";
		};
		C7646392299F74F300AF0413 /* LevelDesigner */ = {
			isa = PBXGroup;
			children = (
				C7646393299F74F300AF0413 /* LevelDesigner.swift */,
				C7646394299F74F300AF0413 /* Peg.swift */,
				C7646395299F74F300AF0413 /* GameboardObject.swift */,
				C7646396299F74F300AF0413 /* Gameboard.swift */,
				C7F056DB29A5145400F035CD /* Block.swift */,
			);
			path = LevelDesigner;
			sourceTree = "<group>";
		};
		C7646397299F74F300AF0413 /* PhysicsEngine */ = {
			isa = PBXGroup;
			children = (
				C7646398299F74F300AF0413 /* PhysicsBodyProtocols.swift */,
				C7646399299F74F300AF0413 /* CollisionResolver.swift */,
				C764639A299F74F300AF0413 /* PhysicsBody.swift */,
				C764639B299F74F300AF0413 /* PhysicsCollision.swift */,
				C764639C299F74F300AF0413 /* PhysicsWorld.swift */,
			);
			path = PhysicsEngine;
			sourceTree = "<group>";
		};
		C764639D299F74F300AF0413 /* GameEngine */ = {
			isa = PBXGroup;
			children = (
				C764639E299F74F300AF0413 /* GameEngine.swift */,
				C764639F299F74F300AF0413 /* Wall.swift */,
				C76463A0299F74F300AF0413 /* Ball.swift */,
			);
			path = GameEngine;
			sourceTree = "<group>";
		};
		C796C327299D3AE800ADC141 = {
			isa = PBXGroup;
			children = (
				C796C332299D3AE800ADC141 /* AsteroidStrike */,
				C796C349299D3AEB00ADC141 /* AsteroidStrikeTests */,
				C796C353299D3AEB00ADC141 /* AsteroidStrikeUITests */,
				C796C331299D3AE800ADC141 /* Products */,
			);
			sourceTree = "<group>";
		};
		C796C331299D3AE800ADC141 /* Products */ = {
			isa = PBXGroup;
			children = (
				C796C330299D3AE800ADC141 /* AsteroidStrike.app */,
				C796C346299D3AEB00ADC141 /* AsteroidStrikeTests.xctest */,
				C796C350299D3AEB00ADC141 /* AsteroidStrikeUITests.xctest */,
			);
			name = Products;
			sourceTree = "<group>";
		};
		C796C332299D3AE800ADC141 /* AsteroidStrike */ = {
			isa = PBXGroup;
			children = (
				C764638E299F74F300AF0413 /* Models */,
				C7646385299F74F200AF0413 /* Controllers */,
				C7646378299F74F200AF0413 /* Views */,
				C7646389299F74F300AF0413 /* CGExtensions */,
				C796C333299D3AE800ADC141 /* AppDelegate.swift */,
				C796C335299D3AE800ADC141 /* SceneDelegate.swift */,
				C796C33C299D3AEA00ADC141 /* Assets.xcassets */,
				C796C341299D3AEA00ADC141 /* Info.plist */,
			);
			path = AsteroidStrike;
			sourceTree = "<group>";
		};
		C796C349299D3AEB00ADC141 /* AsteroidStrikeTests */ = {
			isa = PBXGroup;
			children = (
				C796C34A299D3AEB00ADC141 /* AsteroidStrikeTests.swift */,
			);
			path = AsteroidStrikeTests;
			sourceTree = "<group>";
		};
		C796C353299D3AEB00ADC141 /* AsteroidStrikeUITests */ = {
			isa = PBXGroup;
			children = (
				C796C354299D3AEB00ADC141 /* AsteroidStrikeUITests.swift */,
				C796C356299D3AEB00ADC141 /* AsteroidStrikeUITestsLaunchTests.swift */,
			);
			path = AsteroidStrikeUITests;
			sourceTree = "<group>";
		};
		C7F056E929A6552F00F035CD /* Utils */ = {
			isa = PBXGroup;
			children = (
				C7F056EA29A6554800F035CD /* ObserverPatternHelpers.swift */,
			);
			path = Utils;
			sourceTree = "<group>";
		};
/* End PBXGroup section */

/* Begin PBXNativeTarget section */
		C796C32F299D3AE800ADC141 /* AsteroidStrike */ = {
			isa = PBXNativeTarget;
			buildConfigurationList = C796C35A299D3AEB00ADC141 /* Build configuration list for PBXNativeTarget "AsteroidStrike" */;
			buildPhases = (
				C796C32C299D3AE800ADC141 /* Sources */,
				C796C32D299D3AE800ADC141 /* Frameworks */,
				C796C32E299D3AE800ADC141 /* Resources */,
				C7BEA11A299F7F9400AA7486 /* ShellScript */,
			);
			buildRules = (
			);
			dependencies = (
			);
			name = AsteroidStrike;
			productName = AsteroidStrike;
			productReference = C796C330299D3AE800ADC141 /* AsteroidStrike.app */;
			productType = "com.apple.product-type.application";
		};
		C796C345299D3AEB00ADC141 /* AsteroidStrikeTests */ = {
			isa = PBXNativeTarget;
			buildConfigurationList = C796C35D299D3AEB00ADC141 /* Build configuration list for PBXNativeTarget "AsteroidStrikeTests" */;
			buildPhases = (
				C796C342299D3AEB00ADC141 /* Sources */,
				C796C343299D3AEB00ADC141 /* Frameworks */,
				C796C344299D3AEB00ADC141 /* Resources */,
			);
			buildRules = (
			);
			dependencies = (
				C796C348299D3AEB00ADC141 /* PBXTargetDependency */,
			);
			name = AsteroidStrikeTests;
			productName = AsteroidStrikeTests;
			productReference = C796C346299D3AEB00ADC141 /* AsteroidStrikeTests.xctest */;
			productType = "com.apple.product-type.bundle.unit-test";
		};
		C796C34F299D3AEB00ADC141 /* AsteroidStrikeUITests */ = {
			isa = PBXNativeTarget;
			buildConfigurationList = C796C360299D3AEB00ADC141 /* Build configuration list for PBXNativeTarget "AsteroidStrikeUITests" */;
			buildPhases = (
				C796C34C299D3AEB00ADC141 /* Sources */,
				C796C34D299D3AEB00ADC141 /* Frameworks */,
				C796C34E299D3AEB00ADC141 /* Resources */,
			);
			buildRules = (
			);
			dependencies = (
				C796C352299D3AEB00ADC141 /* PBXTargetDependency */,
			);
			name = AsteroidStrikeUITests;
			productName = AsteroidStrikeUITests;
			productReference = C796C350299D3AEB00ADC141 /* AsteroidStrikeUITests.xctest */;
			productType = "com.apple.product-type.bundle.ui-testing";
		};
/* End PBXNativeTarget section */

/* Begin PBXProject section */
		C796C328299D3AE800ADC141 /* Project object */ = {
			isa = PBXProject;
			attributes = {
				BuildIndependentTargetsInParallel = 1;
				LastSwiftUpdateCheck = 1420;
				LastUpgradeCheck = 1420;
				TargetAttributes = {
					C796C32F299D3AE800ADC141 = {
						CreatedOnToolsVersion = 14.2;
					};
					C796C345299D3AEB00ADC141 = {
						CreatedOnToolsVersion = 14.2;
						TestTargetID = C796C32F299D3AE800ADC141;
					};
					C796C34F299D3AEB00ADC141 = {
						CreatedOnToolsVersion = 14.2;
						TestTargetID = C796C32F299D3AE800ADC141;
					};
				};
			};
			buildConfigurationList = C796C32B299D3AE800ADC141 /* Build configuration list for PBXProject "AsteroidStrike" */;
			compatibilityVersion = "Xcode 14.0";
			developmentRegion = en;
			hasScannedForEncodings = 0;
			knownRegions = (
				en,
				Base,
			);
			mainGroup = C796C327299D3AE800ADC141;
			productRefGroup = C796C331299D3AE800ADC141 /* Products */;
			projectDirPath = "";
			projectRoot = "";
			targets = (
				C796C32F299D3AE800ADC141 /* AsteroidStrike */,
				C796C345299D3AEB00ADC141 /* AsteroidStrikeTests */,
				C796C34F299D3AEB00ADC141 /* AsteroidStrikeUITests */,
			);
		};
/* End PBXProject section */

/* Begin PBXResourcesBuildPhase section */
		C796C32E299D3AE800ADC141 /* Resources */ = {
			isa = PBXResourcesBuildPhase;
			buildActionMask = 2147483647;
			files = (
				C76463A3299F74F400AF0413 /* Main.storyboard in Resources */,
				C76463A2299F74F400AF0413 /* LaunchScreen.storyboard in Resources */,
				C796C33D299D3AEA00ADC141 /* Assets.xcassets in Resources */,
			);
			runOnlyForDeploymentPostprocessing = 0;
		};
		C796C344299D3AEB00ADC141 /* Resources */ = {
			isa = PBXResourcesBuildPhase;
			buildActionMask = 2147483647;
			files = (
			);
			runOnlyForDeploymentPostprocessing = 0;
		};
		C796C34E299D3AEB00ADC141 /* Resources */ = {
			isa = PBXResourcesBuildPhase;
			buildActionMask = 2147483647;
			files = (
			);
			runOnlyForDeploymentPostprocessing = 0;
		};
/* End PBXResourcesBuildPhase section */

/* Begin PBXShellScriptBuildPhase section */
		C7BEA11A299F7F9400AA7486 /* ShellScript */ = {
			isa = PBXShellScriptBuildPhase;
			alwaysOutOfDate = 1;
			buildActionMask = 12;
			files = (
			);
			inputFileListPaths = (
			);
			inputPaths = (
			);
			outputFileListPaths = (
			);
			outputPaths = (
			);
			runOnlyForDeploymentPostprocessing = 0;
			shellPath = /bin/sh;
			shellScript = "# Type a script or drag a script file from your workspace to insert its path.\nexport PATH=\"$PATH:/opt/homebrew/bin\"\nif which swiftlint > /dev/null; then\n  swiftlint\nelse\n  echo \"warning: SwiftLint not installed, download from https://github.com/realm/SwiftLint\"\nfi\n";
		};
/* End PBXShellScriptBuildPhase section */

/* Begin PBXSourcesBuildPhase section */
		C796C32C299D3AE800ADC141 /* Sources */ = {
			isa = PBXSourcesBuildPhase;
			buildActionMask = 2147483647;
			files = (
				C76463B9299F74F400AF0413 /* PhysicsCollision.swift in Sources */,
				C76463B3299F74F400AF0413 /* Peg.swift in Sources */,
				C76463B8299F74F400AF0413 /* PhysicsBody.swift in Sources */,
				C76463A9299F74F400AF0413 /* LevelDesignController.swift in Sources */,
				C76463B5299F74F400AF0413 /* Gameboard.swift in Sources */,
				C76463B2299F74F400AF0413 /* LevelDesigner.swift in Sources */,
				C76463AD299F74F400AF0413 /* CGVector.swift in Sources */,
				C796C334299D3AE800ADC141 /* AppDelegate.swift in Sources */,
				C76463A4299F74F400AF0413 /* CanvasObject.swift in Sources */,
				C76463B7299F74F400AF0413 /* CollisionResolver.swift in Sources */,
				C7F056E229A6341300F035CD /* LevelDesignController+Palette.swift in Sources */,
				C76463A1299F74F400AF0413 /* ZIndices.swift in Sources */,
				C76463BD299F74F400AF0413 /* Ball.swift in Sources */,
				C76463AA299F74F400AF0413 /* LevelSelectController.swift in Sources */,
				C7F056EB29A6554800F035CD /* ObserverPatternHelpers.swift in Sources */,
				C76463AC299F74F400AF0413 /* CGPath.swift in Sources */,
				C76463B6299F74F400AF0413 /* PhysicsBodyProtocols.swift in Sources */,
				C76463BC299F74F400AF0413 /* Wall.swift in Sources */,
				C7F056DC29A5145400F035CD /* Block.swift in Sources */,
				C7F056DA29A50FA100F035CD /* BlockView.swift in Sources */,
				C7F056E029A6328B00F035CD /* LevelDesignController+ActionButtons.swift in Sources */,
				C796C336299D3AE800ADC141 /* SceneDelegate.swift in Sources */,
				C76463AB299F74F400AF0413 /* GameplayController.swift in Sources */,
				C76463B4299F74F400AF0413 /* GameboardObject.swift in Sources */,
				C76463A8299F74F400AF0413 /* CannonView.swift in Sources */,
				C76463A5299F74F400AF0413 /* PegView.swift in Sources */,
				C76463B1299F74F400AF0413 /* SavedLevel.swift in Sources */,
				C76463A6299F74F400AF0413 /* PaletteButton.swift in Sources */,
				C76463B0299F74F400AF0413 /* JSONLevelStorage.swift in Sources */,
				C76463BB299F74F400AF0413 /* GameEngine.swift in Sources */,
				C76463AE299F74F400AF0413 /* CGPoint.swift in Sources */,
				C76463A7299F74F400AF0413 /* BallView.swift in Sources */,
				C76463AF299F74F400AF0413 /* CGRect.swift in Sources */,
				C76463BA299F74F400AF0413 /* PhysicsWorld.swift in Sources */,
			);
			runOnlyForDeploymentPostprocessing = 0;
		};
		C796C342299D3AEB00ADC141 /* Sources */ = {
			isa = PBXSourcesBuildPhase;
			buildActionMask = 2147483647;
			files = (
				C796C34B299D3AEB00ADC141 /* AsteroidStrikeTests.swift in Sources */,
			);
			runOnlyForDeploymentPostprocessing = 0;
		};
		C796C34C299D3AEB00ADC141 /* Sources */ = {
			isa = PBXSourcesBuildPhase;
			buildActionMask = 2147483647;
			files = (
				C796C355299D3AEB00ADC141 /* AsteroidStrikeUITests.swift in Sources */,
				C796C357299D3AEB00ADC141 /* AsteroidStrikeUITestsLaunchTests.swift in Sources */,
			);
			runOnlyForDeploymentPostprocessing = 0;
		};
/* End PBXSourcesBuildPhase section */

/* Begin PBXTargetDependency section */
		C796C348299D3AEB00ADC141 /* PBXTargetDependency */ = {
			isa = PBXTargetDependency;
			target = C796C32F299D3AE800ADC141 /* AsteroidStrike */;
			targetProxy = C796C347299D3AEB00ADC141 /* PBXContainerItemProxy */;
		};
		C796C352299D3AEB00ADC141 /* PBXTargetDependency */ = {
			isa = PBXTargetDependency;
			target = C796C32F299D3AE800ADC141 /* AsteroidStrike */;
			targetProxy = C796C351299D3AEB00ADC141 /* PBXContainerItemProxy */;
		};
/* End PBXTargetDependency section */

/* Begin PBXVariantGroup section */
		C764637B299F74F200AF0413 /* LaunchScreen.storyboard */ = {
			isa = PBXVariantGroup;
			children = (
				C764637C299F74F200AF0413 /* Base */,
			);
			name = LaunchScreen.storyboard;
			sourceTree = "<group>";
		};
		C764637D299F74F200AF0413 /* Main.storyboard */ = {
			isa = PBXVariantGroup;
			children = (
				C764637E299F74F200AF0413 /* Base */,
			);
			name = Main.storyboard;
			sourceTree = "<group>";
		};
/* End PBXVariantGroup section */

/* Begin XCBuildConfiguration section */
		C796C358299D3AEB00ADC141 /* Debug */ = {
			isa = XCBuildConfiguration;
			buildSettings = {
				ALWAYS_SEARCH_USER_PATHS = NO;
				CLANG_ANALYZER_NONNULL = YES;
				CLANG_ANALYZER_NUMBER_OBJECT_CONVERSION = YES_AGGRESSIVE;
				CLANG_CXX_LANGUAGE_STANDARD = "gnu++20";
				CLANG_ENABLE_MODULES = YES;
				CLANG_ENABLE_OBJC_ARC = YES;
				CLANG_ENABLE_OBJC_WEAK = YES;
				CLANG_WARN_BLOCK_CAPTURE_AUTORELEASING = YES;
				CLANG_WARN_BOOL_CONVERSION = YES;
				CLANG_WARN_COMMA = YES;
				CLANG_WARN_CONSTANT_CONVERSION = YES;
				CLANG_WARN_DEPRECATED_OBJC_IMPLEMENTATIONS = YES;
				CLANG_WARN_DIRECT_OBJC_ISA_USAGE = YES_ERROR;
				CLANG_WARN_DOCUMENTATION_COMMENTS = YES;
				CLANG_WARN_EMPTY_BODY = YES;
				CLANG_WARN_ENUM_CONVERSION = YES;
				CLANG_WARN_INFINITE_RECURSION = YES;
				CLANG_WARN_INT_CONVERSION = YES;
				CLANG_WARN_NON_LITERAL_NULL_CONVERSION = YES;
				CLANG_WARN_OBJC_IMPLICIT_RETAIN_SELF = YES;
				CLANG_WARN_OBJC_LITERAL_CONVERSION = YES;
				CLANG_WARN_OBJC_ROOT_CLASS = YES_ERROR;
				CLANG_WARN_QUOTED_INCLUDE_IN_FRAMEWORK_HEADER = YES;
				CLANG_WARN_RANGE_LOOP_ANALYSIS = YES;
				CLANG_WARN_STRICT_PROTOTYPES = YES;
				CLANG_WARN_SUSPICIOUS_MOVE = YES;
				CLANG_WARN_UNGUARDED_AVAILABILITY = YES_AGGRESSIVE;
				CLANG_WARN_UNREACHABLE_CODE = YES;
				CLANG_WARN__DUPLICATE_METHOD_MATCH = YES;
				COPY_PHASE_STRIP = NO;
				DEBUG_INFORMATION_FORMAT = dwarf;
				ENABLE_STRICT_OBJC_MSGSEND = YES;
				ENABLE_TESTABILITY = YES;
				GCC_C_LANGUAGE_STANDARD = gnu11;
				GCC_DYNAMIC_NO_PIC = NO;
				GCC_NO_COMMON_BLOCKS = YES;
				GCC_OPTIMIZATION_LEVEL = 0;
				GCC_PREPROCESSOR_DEFINITIONS = (
					"DEBUG=1",
					"$(inherited)",
				);
				GCC_WARN_64_TO_32_BIT_CONVERSION = YES;
				GCC_WARN_ABOUT_RETURN_TYPE = YES_ERROR;
				GCC_WARN_UNDECLARED_SELECTOR = YES;
				GCC_WARN_UNINITIALIZED_AUTOS = YES_AGGRESSIVE;
				GCC_WARN_UNUSED_FUNCTION = YES;
				GCC_WARN_UNUSED_VARIABLE = YES;
				IPHONEOS_DEPLOYMENT_TARGET = 16.2;
				MTL_ENABLE_DEBUG_INFO = INCLUDE_SOURCE;
				MTL_FAST_MATH = YES;
				ONLY_ACTIVE_ARCH = YES;
				SDKROOT = iphoneos;
				SWIFT_ACTIVE_COMPILATION_CONDITIONS = DEBUG;
				SWIFT_OPTIMIZATION_LEVEL = "-Onone";
			};
			name = Debug;
		};
		C796C359299D3AEB00ADC141 /* Release */ = {
			isa = XCBuildConfiguration;
			buildSettings = {
				ALWAYS_SEARCH_USER_PATHS = NO;
				CLANG_ANALYZER_NONNULL = YES;
				CLANG_ANALYZER_NUMBER_OBJECT_CONVERSION = YES_AGGRESSIVE;
				CLANG_CXX_LANGUAGE_STANDARD = "gnu++20";
				CLANG_ENABLE_MODULES = YES;
				CLANG_ENABLE_OBJC_ARC = YES;
				CLANG_ENABLE_OBJC_WEAK = YES;
				CLANG_WARN_BLOCK_CAPTURE_AUTORELEASING = YES;
				CLANG_WARN_BOOL_CONVERSION = YES;
				CLANG_WARN_COMMA = YES;
				CLANG_WARN_CONSTANT_CONVERSION = YES;
				CLANG_WARN_DEPRECATED_OBJC_IMPLEMENTATIONS = YES;
				CLANG_WARN_DIRECT_OBJC_ISA_USAGE = YES_ERROR;
				CLANG_WARN_DOCUMENTATION_COMMENTS = YES;
				CLANG_WARN_EMPTY_BODY = YES;
				CLANG_WARN_ENUM_CONVERSION = YES;
				CLANG_WARN_INFINITE_RECURSION = YES;
				CLANG_WARN_INT_CONVERSION = YES;
				CLANG_WARN_NON_LITERAL_NULL_CONVERSION = YES;
				CLANG_WARN_OBJC_IMPLICIT_RETAIN_SELF = YES;
				CLANG_WARN_OBJC_LITERAL_CONVERSION = YES;
				CLANG_WARN_OBJC_ROOT_CLASS = YES_ERROR;
				CLANG_WARN_QUOTED_INCLUDE_IN_FRAMEWORK_HEADER = YES;
				CLANG_WARN_RANGE_LOOP_ANALYSIS = YES;
				CLANG_WARN_STRICT_PROTOTYPES = YES;
				CLANG_WARN_SUSPICIOUS_MOVE = YES;
				CLANG_WARN_UNGUARDED_AVAILABILITY = YES_AGGRESSIVE;
				CLANG_WARN_UNREACHABLE_CODE = YES;
				CLANG_WARN__DUPLICATE_METHOD_MATCH = YES;
				COPY_PHASE_STRIP = NO;
				DEBUG_INFORMATION_FORMAT = "dwarf-with-dsym";
				ENABLE_NS_ASSERTIONS = NO;
				ENABLE_STRICT_OBJC_MSGSEND = YES;
				GCC_C_LANGUAGE_STANDARD = gnu11;
				GCC_NO_COMMON_BLOCKS = YES;
				GCC_WARN_64_TO_32_BIT_CONVERSION = YES;
				GCC_WARN_ABOUT_RETURN_TYPE = YES_ERROR;
				GCC_WARN_UNDECLARED_SELECTOR = YES;
				GCC_WARN_UNINITIALIZED_AUTOS = YES_AGGRESSIVE;
				GCC_WARN_UNUSED_FUNCTION = YES;
				GCC_WARN_UNUSED_VARIABLE = YES;
				IPHONEOS_DEPLOYMENT_TARGET = 16.2;
				MTL_ENABLE_DEBUG_INFO = NO;
				MTL_FAST_MATH = YES;
				SDKROOT = iphoneos;
				SWIFT_COMPILATION_MODE = wholemodule;
				SWIFT_OPTIMIZATION_LEVEL = "-O";
				VALIDATE_PRODUCT = YES;
			};
			name = Release;
		};
		C796C35B299D3AEB00ADC141 /* Debug */ = {
			isa = XCBuildConfiguration;
			buildSettings = {
				ASSETCATALOG_COMPILER_APPICON_NAME = AppIcon;
				ASSETCATALOG_COMPILER_GLOBAL_ACCENT_COLOR_NAME = AccentColor;
				CODE_SIGN_STYLE = Automatic;
				CURRENT_PROJECT_VERSION = 1;
				DEVELOPMENT_TEAM = P3QLTH5V5D;
				GENERATE_INFOPLIST_FILE = YES;
				INFOPLIST_FILE = AsteroidStrike/Info.plist;
				INFOPLIST_KEY_CFBundleDisplayName = "Asteroid Strike";
				INFOPLIST_KEY_LSApplicationCategoryType = "public.app-category.games";
				INFOPLIST_KEY_UIApplicationSupportsIndirectInputEvents = YES;
				INFOPLIST_KEY_UILaunchStoryboardName = LaunchScreen;
				INFOPLIST_KEY_UIMainStoryboardFile = Main;
				INFOPLIST_KEY_UIRequiresFullScreen = YES;
				INFOPLIST_KEY_UISupportedInterfaceOrientations = "UIInterfaceOrientationLandscapeLeft UIInterfaceOrientationLandscapeRight UIInterfaceOrientationPortrait";
				INFOPLIST_KEY_UISupportedInterfaceOrientations_iPad = UIInterfaceOrientationPortrait;
				IPHONEOS_DEPLOYMENT_TARGET = 16.2;
				LD_RUNPATH_SEARCH_PATHS = (
					"$(inherited)",
					"@executable_path/Frameworks",
				);
				MARKETING_VERSION = 1.0;
				PRODUCT_BUNDLE_IDENTIFIER = "Charisma-Kausar.AsteroidStrike";
				PRODUCT_NAME = "$(TARGET_NAME)";
				SUPPORTED_PLATFORMS = "iphoneos iphonesimulator";
				SUPPORTS_MACCATALYST = NO;
				SUPPORTS_MAC_DESIGNED_FOR_IPHONE_IPAD = NO;
				SWIFT_EMIT_LOC_STRINGS = YES;
				SWIFT_VERSION = 5.0;
				TARGETED_DEVICE_FAMILY = 2;
			};
			name = Debug;
		};
		C796C35C299D3AEB00ADC141 /* Release */ = {
			isa = XCBuildConfiguration;
			buildSettings = {
				ASSETCATALOG_COMPILER_APPICON_NAME = AppIcon;
				ASSETCATALOG_COMPILER_GLOBAL_ACCENT_COLOR_NAME = AccentColor;
				CODE_SIGN_STYLE = Automatic;
				CURRENT_PROJECT_VERSION = 1;
				DEVELOPMENT_TEAM = P3QLTH5V5D;
				GENERATE_INFOPLIST_FILE = YES;
				INFOPLIST_FILE = AsteroidStrike/Info.plist;
				INFOPLIST_KEY_CFBundleDisplayName = "Asteroid Strike";
				INFOPLIST_KEY_LSApplicationCategoryType = "public.app-category.games";
				INFOPLIST_KEY_UIApplicationSupportsIndirectInputEvents = YES;
				INFOPLIST_KEY_UILaunchStoryboardName = LaunchScreen;
				INFOPLIST_KEY_UIMainStoryboardFile = Main;
				INFOPLIST_KEY_UIRequiresFullScreen = YES;
				INFOPLIST_KEY_UISupportedInterfaceOrientations = "UIInterfaceOrientationLandscapeLeft UIInterfaceOrientationLandscapeRight UIInterfaceOrientationPortrait";
				INFOPLIST_KEY_UISupportedInterfaceOrientations_iPad = UIInterfaceOrientationPortrait;
				IPHONEOS_DEPLOYMENT_TARGET = 16.2;
				LD_RUNPATH_SEARCH_PATHS = (
					"$(inherited)",
					"@executable_path/Frameworks",
				);
				MARKETING_VERSION = 1.0;
				PRODUCT_BUNDLE_IDENTIFIER = "Charisma-Kausar.AsteroidStrike";
				PRODUCT_NAME = "$(TARGET_NAME)";
				SUPPORTED_PLATFORMS = "iphoneos iphonesimulator";
				SUPPORTS_MACCATALYST = NO;
				SUPPORTS_MAC_DESIGNED_FOR_IPHONE_IPAD = NO;
				SWIFT_EMIT_LOC_STRINGS = YES;
				SWIFT_VERSION = 5.0;
				TARGETED_DEVICE_FAMILY = 2;
			};
			name = Release;
		};
		C796C35E299D3AEB00ADC141 /* Debug */ = {
			isa = XCBuildConfiguration;
			buildSettings = {
				ALWAYS_EMBED_SWIFT_STANDARD_LIBRARIES = YES;
				BUNDLE_LOADER = "$(TEST_HOST)";
				CODE_SIGN_STYLE = Automatic;
				CURRENT_PROJECT_VERSION = 1;
				DEVELOPMENT_TEAM = P3QLTH5V5D;
				GENERATE_INFOPLIST_FILE = YES;
				IPHONEOS_DEPLOYMENT_TARGET = 16.2;
				MARKETING_VERSION = 1.0;
				PRODUCT_BUNDLE_IDENTIFIER = "Charisma-Kausar.AsteroidStrikeTests";
				PRODUCT_NAME = "$(TARGET_NAME)";
				SWIFT_EMIT_LOC_STRINGS = NO;
				SWIFT_VERSION = 5.0;
				TARGETED_DEVICE_FAMILY = "1,2";
				TEST_HOST = "$(BUILT_PRODUCTS_DIR)/AsteroidStrike.app/$(BUNDLE_EXECUTABLE_FOLDER_PATH)/AsteroidStrike";
			};
			name = Debug;
		};
		C796C35F299D3AEB00ADC141 /* Release */ = {
			isa = XCBuildConfiguration;
			buildSettings = {
				ALWAYS_EMBED_SWIFT_STANDARD_LIBRARIES = YES;
				BUNDLE_LOADER = "$(TEST_HOST)";
				CODE_SIGN_STYLE = Automatic;
				CURRENT_PROJECT_VERSION = 1;
				DEVELOPMENT_TEAM = P3QLTH5V5D;
				GENERATE_INFOPLIST_FILE = YES;
				IPHONEOS_DEPLOYMENT_TARGET = 16.2;
				MARKETING_VERSION = 1.0;
				PRODUCT_BUNDLE_IDENTIFIER = "Charisma-Kausar.AsteroidStrikeTests";
				PRODUCT_NAME = "$(TARGET_NAME)";
				SWIFT_EMIT_LOC_STRINGS = NO;
				SWIFT_VERSION = 5.0;
				TARGETED_DEVICE_FAMILY = "1,2";
				TEST_HOST = "$(BUILT_PRODUCTS_DIR)/AsteroidStrike.app/$(BUNDLE_EXECUTABLE_FOLDER_PATH)/AsteroidStrike";
			};
			name = Release;
		};
		C796C361299D3AEB00ADC141 /* Debug */ = {
			isa = XCBuildConfiguration;
			buildSettings = {
				ALWAYS_EMBED_SWIFT_STANDARD_LIBRARIES = YES;
				CODE_SIGN_STYLE = Automatic;
				CURRENT_PROJECT_VERSION = 1;
				DEVELOPMENT_TEAM = P3QLTH5V5D;
				GENERATE_INFOPLIST_FILE = YES;
				MARKETING_VERSION = 1.0;
				PRODUCT_BUNDLE_IDENTIFIER = "Charisma-Kausar.AsteroidStrikeUITests";
				PRODUCT_NAME = "$(TARGET_NAME)";
				SWIFT_EMIT_LOC_STRINGS = NO;
				SWIFT_VERSION = 5.0;
				TARGETED_DEVICE_FAMILY = "1,2";
				TEST_TARGET_NAME = AsteroidStrike;
			};
			name = Debug;
		};
		C796C362299D3AEB00ADC141 /* Release */ = {
			isa = XCBuildConfiguration;
			buildSettings = {
				ALWAYS_EMBED_SWIFT_STANDARD_LIBRARIES = YES;
				CODE_SIGN_STYLE = Automatic;
				CURRENT_PROJECT_VERSION = 1;
				DEVELOPMENT_TEAM = P3QLTH5V5D;
				GENERATE_INFOPLIST_FILE = YES;
				MARKETING_VERSION = 1.0;
				PRODUCT_BUNDLE_IDENTIFIER = "Charisma-Kausar.AsteroidStrikeUITests";
				PRODUCT_NAME = "$(TARGET_NAME)";
				SWIFT_EMIT_LOC_STRINGS = NO;
				SWIFT_VERSION = 5.0;
				TARGETED_DEVICE_FAMILY = "1,2";
				TEST_TARGET_NAME = AsteroidStrike;
			};
			name = Release;
		};
/* End XCBuildConfiguration section */

/* Begin XCConfigurationList section */
		C796C32B299D3AE800ADC141 /* Build configuration list for PBXProject "AsteroidStrike" */ = {
			isa = XCConfigurationList;
			buildConfigurations = (
				C796C358299D3AEB00ADC141 /* Debug */,
				C796C359299D3AEB00ADC141 /* Release */,
			);
			defaultConfigurationIsVisible = 0;
			defaultConfigurationName = Release;
		};
		C796C35A299D3AEB00ADC141 /* Build configuration list for PBXNativeTarget "AsteroidStrike" */ = {
			isa = XCConfigurationList;
			buildConfigurations = (
				C796C35B299D3AEB00ADC141 /* Debug */,
				C796C35C299D3AEB00ADC141 /* Release */,
			);
			defaultConfigurationIsVisible = 0;
			defaultConfigurationName = Release;
		};
		C796C35D299D3AEB00ADC141 /* Build configuration list for PBXNativeTarget "AsteroidStrikeTests" */ = {
			isa = XCConfigurationList;
			buildConfigurations = (
				C796C35E299D3AEB00ADC141 /* Debug */,
				C796C35F299D3AEB00ADC141 /* Release */,
			);
			defaultConfigurationIsVisible = 0;
			defaultConfigurationName = Release;
		};
		C796C360299D3AEB00ADC141 /* Build configuration list for PBXNativeTarget "AsteroidStrikeUITests" */ = {
			isa = XCConfigurationList;
			buildConfigurations = (
				C796C361299D3AEB00ADC141 /* Debug */,
				C796C362299D3AEB00ADC141 /* Release */,
			);
			defaultConfigurationIsVisible = 0;
			defaultConfigurationName = Release;
		};
/* End XCConfigurationList section */
	};
	rootObject = C796C328299D3AE800ADC141 /* Project object */;
}
