// !$*UTF8*$!
{
	archiveVersion = 1;
	classes = {
	};
	objectVersion = 56;
	objects = {

/* Begin PBXBuildFile section */
		C796C334299D3AE800ADC141 /* AppDelegate.swift in Sources */ = {isa = PBXBuildFile; fileRef = C796C333299D3AE800ADC141 /* AppDelegate.swift */; };
		C796C336299D3AE800ADC141 /* SceneDelegate.swift in Sources */ = {isa = PBXBuildFile; fileRef = C796C335299D3AE800ADC141 /* SceneDelegate.swift */; };
		C796C338299D3AE800ADC141 /* ViewController.swift in Sources */ = {isa = PBXBuildFile; fileRef = C796C337299D3AE800ADC141 /* ViewController.swift */; };
		C796C33B299D3AE800ADC141 /* Main.storyboard in Resources */ = {isa = PBXBuildFile; fileRef = C796C339299D3AE800ADC141 /* Main.storyboard */; };
		C796C33D299D3AEA00ADC141 /* Assets.xcassets in Resources */ = {isa = PBXBuildFile; fileRef = C796C33C299D3AEA00ADC141 /* Assets.xcassets */; };
		C796C340299D3AEA00ADC141 /* LaunchScreen.storyboard in Resources */ = {isa = PBXBuildFile; fileRef = C796C33E299D3AEA00ADC141 /* LaunchScreen.storyboard */; };
		C796C34B299D3AEB00ADC141 /* AsteroidStrikeTests.swift in Sources */ = {isa = PBXBuildFile; fileRef = C796C34A299D3AEB00ADC141 /* AsteroidStrikeTests.swift */; };
		C796C355299D3AEB00ADC141 /* AsteroidStrikeUITests.swift in Sources */ = {isa = PBXBuildFile; fileRef = C796C354299D3AEB00ADC141 /* AsteroidStrikeUITests.swift */; };
		C796C357299D3AEB00ADC141 /* AsteroidStrikeUITestsLaunchTests.swift in Sources */ = {isa = PBXBuildFile; fileRef = C796C356299D3AEB00ADC141 /* AsteroidStrikeUITestsLaunchTests.swift */; };
/* End PBXBuildFile section */

/* Begin PBXContainerItemProxy section */
		C796C347299D3AEB00ADC141 /* PBXContainerItemProxy */ = {
			isa = PBXContainerItemProxy;
			containerPortal = C796C328299D3AE800ADC141 /* Project object */;
			proxyType = 1;
			remoteGlobalIDString = C796C32F299D3AE800ADC141;
			remoteInfo = AsteroidStrike;
		};
		C796C351299D3AEB00ADC141 /* PBXContainerItemProxy */ = {
			isa = PBXContainerItemProxy;
			containerPortal = C796C328299D3AE800ADC141 /* Project object */;
			proxyType = 1;
			remoteGlobalIDString = C796C32F299D3AE800ADC141;
			remoteInfo = AsteroidStrike;
		};
/* End PBXContainerItemProxy section */

/* Begin PBXFileReference section */
		C796C330299D3AE800ADC141 /* AsteroidStrike.app */ = {isa = PBXFileReference; explicitFileType = wrapper.application; includeInIndex = 0; path = AsteroidStrike.app; sourceTree = BUILT_PRODUCTS_DIR; };
		C796C333299D3AE800ADC141 /* AppDelegate.swift */ = {isa = PBXFileReference; lastKnownFileType = sourcecode.swift; path = AppDelegate.swift; sourceTree = "<group>"; };
		C796C335299D3AE800ADC141 /* SceneDelegate.swift */ = {isa = PBXFileReference; lastKnownFileType = sourcecode.swift; path = SceneDelegate.swift; sourceTree = "<group>"; };
		C796C337299D3AE800ADC141 /* ViewController.swift */ = {isa = PBXFileReference; lastKnownFileType = sourcecode.swift; path = ViewController.swift; sourceTree = "<group>"; };
		C796C33A299D3AE800ADC141 /* Base */ = {isa = PBXFileReference; lastKnownFileType = file.storyboard; name = Base; path = Base.lproj/Main.storyboard; sourceTree = "<group>"; };
		C796C33C299D3AEA00ADC141 /* Assets.xcassets */ = {isa = PBXFileReference; lastKnownFileType = folder.assetcatalog; path = Assets.xcassets; sourceTree = "<group>"; };
		C796C33F299D3AEA00ADC141 /* Base */ = {isa = PBXFileReference; lastKnownFileType = file.storyboard; name = Base; path = Base.lproj/LaunchScreen.storyboard; sourceTree = "<group>"; };
		C796C341299D3AEA00ADC141 /* Info.plist */ = {isa = PBXFileReference; lastKnownFileType = text.plist.xml; path = Info.plist; sourceTree = "<group>"; };
		C796C346299D3AEB00ADC141 /* AsteroidStrikeTests.xctest */ = {isa = PBXFileReference; explicitFileType = wrapper.cfbundle; includeInIndex = 0; path = AsteroidStrikeTests.xctest; sourceTree = BUILT_PRODUCTS_DIR; };
		C796C34A299D3AEB00ADC141 /* AsteroidStrikeTests.swift */ = {isa = PBXFileReference; lastKnownFileType = sourcecode.swift; path = AsteroidStrikeTests.swift; sourceTree = "<group>"; };
		C796C350299D3AEB00ADC141 /* AsteroidStrikeUITests.xctest */ = {isa = PBXFileReference; explicitFileType = wrapper.cfbundle; includeInIndex = 0; path = AsteroidStrikeUITests.xctest; sourceTree = BUILT_PRODUCTS_DIR; };
		C796C354299D3AEB00ADC141 /* AsteroidStrikeUITests.swift */ = {isa = PBXFileReference; lastKnownFileType = sourcecode.swift; path = AsteroidStrikeUITests.swift; sourceTree = "<group>"; };
		C796C356299D3AEB00ADC141 /* AsteroidStrikeUITestsLaunchTests.swift */ = {isa = PBXFileReference; lastKnownFileType = sourcecode.swift; path = AsteroidStrikeUITestsLaunchTests.swift; sourceTree = "<group>"; };
/* End PBXFileReference section */

/* Begin PBXFrameworksBuildPhase section */
		C796C32D299D3AE800ADC141 /* Frameworks */ = {
			isa = PBXFrameworksBuildPhase;
			buildActionMask = 2147483647;
			files = (
			);
			runOnlyForDeploymentPostprocessing = 0;
		};
		C796C343299D3AEB00ADC141 /* Frameworks */ = {
			isa = PBXFrameworksBuildPhase;
			buildActionMask = 2147483647;
			files = (
			);
			runOnlyForDeploymentPostprocessing = 0;
		};
		C796C34D299D3AEB00ADC141 /* Frameworks */ = {
			isa = PBXFrameworksBuildPhase;
			buildActionMask = 2147483647;
			files = (
			);
			runOnlyForDeploymentPostprocessing = 0;
		};
/* End PBXFrameworksBuildPhase section */

/* Begin PBXGroup section */
		C796C327299D3AE800ADC141 = {
			isa = PBXGroup;
			children = (
				C796C332299D3AE800ADC141 /* AsteroidStrike */,
				C796C349299D3AEB00ADC141 /* AsteroidStrikeTests */,
				C796C353299D3AEB00ADC141 /* AsteroidStrikeUITests */,
				C796C331299D3AE800ADC141 /* Products */,
			);
			sourceTree = "<group>";
		};
		C796C331299D3AE800ADC141 /* Products */ = {
			isa = PBXGroup;
			children = (
				C796C330299D3AE800ADC141 /* AsteroidStrike.app */,
				C796C346299D3AEB00ADC141 /* AsteroidStrikeTests.xctest */,
				C796C350299D3AEB00ADC141 /* AsteroidStrikeUITests.xctest */,
			);
			name = Products;
			sourceTree = "<group>";
		};
		C796C332299D3AE800ADC141 /* AsteroidStrike */ = {
			isa = PBXGroup;
			children = (
				C796C333299D3AE800ADC141 /* AppDelegate.swift */,
				C796C335299D3AE800ADC141 /* SceneDelegate.swift */,
				C796C337299D3AE800ADC141 /* ViewController.swift */,
				C796C339299D3AE800ADC141 /* Main.storyboard */,
				C796C33C299D3AEA00ADC141 /* Assets.xcassets */,
				C796C33E299D3AEA00ADC141 /* LaunchScreen.storyboard */,
				C796C341299D3AEA00ADC141 /* Info.plist */,
			);
			path = AsteroidStrike;
			sourceTree = "<group>";
		};
		C796C349299D3AEB00ADC141 /* AsteroidStrikeTests */ = {
			isa = PBXGroup;
			children = (
				C796C34A299D3AEB00ADC141 /* AsteroidStrikeTests.swift */,
			);
			path = AsteroidStrikeTests;
			sourceTree = "<group>";
		};
		C796C353299D3AEB00ADC141 /* AsteroidStrikeUITests */ = {
			isa = PBXGroup;
			children = (
				C796C354299D3AEB00ADC141 /* AsteroidStrikeUITests.swift */,
				C796C356299D3AEB00ADC141 /* AsteroidStrikeUITestsLaunchTests.swift */,
			);
			path = AsteroidStrikeUITests;
			sourceTree = "<group>";
		};
/* End PBXGroup section */

/* Begin PBXNativeTarget section */
		C796C32F299D3AE800ADC141 /* AsteroidStrike */ = {
			isa = PBXNativeTarget;
			buildConfigurationList = C796C35A299D3AEB00ADC141 /* Build configuration list for PBXNativeTarget "AsteroidStrike" */;
			buildPhases = (
				C796C32C299D3AE800ADC141 /* Sources */,
				C796C32D299D3AE800ADC141 /* Frameworks */,
				C796C32E299D3AE800ADC141 /* Resources */,
			);
			buildRules = (
			);
			dependencies = (
			);
			name = AsteroidStrike;
			productName = AsteroidStrike;
			productReference = C796C330299D3AE800ADC141 /* AsteroidStrike.app */;
			productType = "com.apple.product-type.application";
		};
		C796C345299D3AEB00ADC141 /* AsteroidStrikeTests */ = {
			isa = PBXNativeTarget;
			buildConfigurationList = C796C35D299D3AEB00ADC141 /* Build configuration list for PBXNativeTarget "AsteroidStrikeTests" */;
			buildPhases = (
				C796C342299D3AEB00ADC141 /* Sources */,
				C796C343299D3AEB00ADC141 /* Frameworks */,
				C796C344299D3AEB00ADC141 /* Resources */,
			);
			buildRules = (
			);
			dependencies = (
				C796C348299D3AEB00ADC141 /* PBXTargetDependency */,
			);
			name = AsteroidStrikeTests;
			productName = AsteroidStrikeTests;
			productReference = C796C346299D3AEB00ADC141 /* AsteroidStrikeTests.xctest */;
			productType = "com.apple.product-type.bundle.unit-test";
		};
		C796C34F299D3AEB00ADC141 /* AsteroidStrikeUITests */ = {
			isa = PBXNativeTarget;
			buildConfigurationList = C796C360299D3AEB00ADC141 /* Build configuration list for PBXNativeTarget "AsteroidStrikeUITests" */;
			buildPhases = (
				C796C34C299D3AEB00ADC141 /* Sources */,
				C796C34D299D3AEB00ADC141 /* Frameworks */,
				C796C34E299D3AEB00ADC141 /* Resources */,
			);
			buildRules = (
			);
			dependencies = (
				C796C352299D3AEB00ADC141 /* PBXTargetDependency */,
			);
			name = AsteroidStrikeUITests;
			productName = AsteroidStrikeUITests;
			productReference = C796C350299D3AEB00ADC141 /* AsteroidStrikeUITests.xctest */;
			productType = "com.apple.product-type.bundle.ui-testing";
		};
/* End PBXNativeTarget section */

/* Begin PBXProject section */
		C796C328299D3AE800ADC141 /* Project object */ = {
			isa = PBXProject;
			attributes = {
				BuildIndependentTargetsInParallel = 1;
				LastSwiftUpdateCheck = 1420;
				LastUpgradeCheck = 1420;
				TargetAttributes = {
					C796C32F299D3AE800ADC141 = {
						CreatedOnToolsVersion = 14.2;
					};
					C796C345299D3AEB00ADC141 = {
						CreatedOnToolsVersion = 14.2;
						TestTargetID = C796C32F299D3AE800ADC141;
					};
					C796C34F299D3AEB00ADC141 = {
						CreatedOnToolsVersion = 14.2;
						TestTargetID = C796C32F299D3AE800ADC141;
					};
				};
			};
			buildConfigurationList = C796C32B299D3AE800ADC141 /* Build configuration list for PBXProject "AsteroidStrike" */;
			compatibilityVersion = "Xcode 14.0";
			developmentRegion = en;
			hasScannedForEncodings = 0;
			knownRegions = (
				en,
				Base,
			);
			mainGroup = C796C327299D3AE800ADC141;
			productRefGroup = C796C331299D3AE800ADC141 /* Products */;
			projectDirPath = "";
			projectRoot = "";
			targets = (
				C796C32F299D3AE800ADC141 /* AsteroidStrike */,
				C796C345299D3AEB00ADC141 /* AsteroidStrikeTests */,
				C796C34F299D3AEB00ADC141 /* AsteroidStrikeUITests */,
			);
		};
/* End PBXProject section */

/* Begin PBXResourcesBuildPhase section */
		C796C32E299D3AE800ADC141 /* Resources */ = {
			isa = PBXResourcesBuildPhase;
			buildActionMask = 2147483647;
			files = (
				C796C340299D3AEA00ADC141 /* LaunchScreen.storyboard in Resources */,
				C796C33D299D3AEA00ADC141 /* Assets.xcassets in Resources */,
				C796C33B299D3AE800ADC141 /* Main.storyboard in Resources */,
			);
			runOnlyForDeploymentPostprocessing = 0;
		};
		C796C344299D3AEB00ADC141 /* Resources */ = {
			isa = PBXResourcesBuildPhase;
			buildActionMask = 2147483647;
			files = (
			);
			runOnlyForDeploymentPostprocessing = 0;
		};
		C796C34E299D3AEB00ADC141 /* Resources */ = {
			isa = PBXResourcesBuildPhase;
			buildActionMask = 2147483647;
			files = (
			);
			runOnlyForDeploymentPostprocessing = 0;
		};
/* End PBXResourcesBuildPhase section */

/* Begin PBXSourcesBuildPhase section */
		C796C32C299D3AE800ADC141 /* Sources */ = {
			isa = PBXSourcesBuildPhase;
			buildActionMask = 2147483647;
			files = (
				C796C338299D3AE800ADC141 /* ViewController.swift in Sources */,
				C796C334299D3AE800ADC141 /* AppDelegate.swift in Sources */,
				C796C336299D3AE800ADC141 /* SceneDelegate.swift in Sources */,
			);
			runOnlyForDeploymentPostprocessing = 0;
		};
		C796C342299D3AEB00ADC141 /* Sources */ = {
			isa = PBXSourcesBuildPhase;
			buildActionMask = 2147483647;
			files = (
				C796C34B299D3AEB00ADC141 /* AsteroidStrikeTests.swift in Sources */,
			);
			runOnlyForDeploymentPostprocessing = 0;
		};
		C796C34C299D3AEB00ADC141 /* Sources */ = {
			isa = PBXSourcesBuildPhase;
			buildActionMask = 2147483647;
			files = (
				C796C355299D3AEB00ADC141 /* AsteroidStrikeUITests.swift in Sources */,
				C796C357299D3AEB00ADC141 /* AsteroidStrikeUITestsLaunchTests.swift in Sources */,
			);
			runOnlyForDeploymentPostprocessing = 0;
		};
/* End PBXSourcesBuildPhase section */

/* Begin PBXTargetDependency section */
		C796C348299D3AEB00ADC141 /* PBXTargetDependency */ = {
			isa = PBXTargetDependency;
			target = C796C32F299D3AE800ADC141 /* AsteroidStrike */;
			targetProxy = C796C347299D3AEB00ADC141 /* PBXContainerItemProxy */;
		};
		C796C352299D3AEB00ADC141 /* PBXTargetDependency */ = {
			isa = PBXTargetDependency;
			target = C796C32F299D3AE800ADC141 /* AsteroidStrike */;
			targetProxy = C796C351299D3AEB00ADC141 /* PBXContainerItemProxy */;
		};
/* End PBXTargetDependency section */

/* Begin PBXVariantGroup section */
		C796C339299D3AE800ADC141 /* Main.storyboard */ = {
			isa = PBXVariantGroup;
			children = (
				C796C33A299D3AE800ADC141 /* Base */,
			);
			name = Main.storyboard;
			sourceTree = "<group>";
		};
		C796C33E299D3AEA00ADC141 /* LaunchScreen.storyboard */ = {
			isa = PBXVariantGroup;
			children = (
				C796C33F299D3AEA00ADC141 /* Base */,
			);
			name = LaunchScreen.storyboard;
			sourceTree = "<group>";
		};
/* End PBXVariantGroup section */

/* Begin XCBuildConfiguration section */
		C796C358299D3AEB00ADC141 /* Debug */ = {
			isa = XCBuildConfiguration;
			buildSettings = {
				ALWAYS_SEARCH_USER_PATHS = NO;
				CLANG_ANALYZER_NONNULL = YES;
				CLANG_ANALYZER_NUMBER_OBJECT_CONVERSION = YES_AGGRESSIVE;
				CLANG_CXX_LANGUAGE_STANDARD = "gnu++20";
				CLANG_ENABLE_MODULES = YES;
				CLANG_ENABLE_OBJC_ARC = YES;
				CLANG_ENABLE_OBJC_WEAK = YES;
				CLANG_WARN_BLOCK_CAPTURE_AUTORELEASING = YES;
				CLANG_WARN_BOOL_CONVERSION = YES;
				CLANG_WARN_COMMA = YES;
				CLANG_WARN_CONSTANT_CONVERSION = YES;
				CLANG_WARN_DEPRECATED_OBJC_IMPLEMENTATIONS = YES;
				CLANG_WARN_DIRECT_OBJC_ISA_USAGE = YES_ERROR;
				CLANG_WARN_DOCUMENTATION_COMMENTS = YES;
				CLANG_WARN_EMPTY_BODY = YES;
				CLANG_WARN_ENUM_CONVERSION = YES;
				CLANG_WARN_INFINITE_RECURSION = YES;
				CLANG_WARN_INT_CONVERSION = YES;
				CLANG_WARN_NON_LITERAL_NULL_CONVERSION = YES;
				CLANG_WARN_OBJC_IMPLICIT_RETAIN_SELF = YES;
				CLANG_WARN_OBJC_LITERAL_CONVERSION = YES;
				CLANG_WARN_OBJC_ROOT_CLASS = YES_ERROR;
				CLANG_WARN_QUOTED_INCLUDE_IN_FRAMEWORK_HEADER = YES;
				CLANG_WARN_RANGE_LOOP_ANALYSIS = YES;
				CLANG_WARN_STRICT_PROTOTYPES = YES;
				CLANG_WARN_SUSPICIOUS_MOVE = YES;
				CLANG_WARN_UNGUARDED_AVAILABILITY = YES_AGGRESSIVE;
				CLANG_WARN_UNREACHABLE_CODE = YES;
				CLANG_WARN__DUPLICATE_METHOD_MATCH = YES;
				COPY_PHASE_STRIP = NO;
				DEBUG_INFORMATION_FORMAT = dwarf;
				ENABLE_STRICT_OBJC_MSGSEND = YES;
				ENABLE_TESTABILITY = YES;
				GCC_C_LANGUAGE_STANDARD = gnu11;
				GCC_DYNAMIC_NO_PIC = NO;
				GCC_NO_COMMON_BLOCKS = YES;
				GCC_OPTIMIZATION_LEVEL = 0;
				GCC_PREPROCESSOR_DEFINITIONS = (
					"DEBUG=1",
					"$(inherited)",
				);
				GCC_WARN_64_TO_32_BIT_CONVERSION = YES;
				GCC_WARN_ABOUT_RETURN_TYPE = YES_ERROR;
				GCC_WARN_UNDECLARED_SELECTOR = YES;
				GCC_WARN_UNINITIALIZED_AUTOS = YES_AGGRESSIVE;
				GCC_WARN_UNUSED_FUNCTION = YES;
				GCC_WARN_UNUSED_VARIABLE = YES;
				IPHONEOS_DEPLOYMENT_TARGET = 16.2;
				MTL_ENABLE_DEBUG_INFO = INCLUDE_SOURCE;
				MTL_FAST_MATH = YES;
				ONLY_ACTIVE_ARCH = YES;
				SDKROOT = iphoneos;
				SWIFT_ACTIVE_COMPILATION_CONDITIONS = DEBUG;
				SWIFT_OPTIMIZATION_LEVEL = "-Onone";
			};
			name = Debug;
		};
		C796C359299D3AEB00ADC141 /* Release */ = {
			isa = XCBuildConfiguration;
			buildSettings = {
				ALWAYS_SEARCH_USER_PATHS = NO;
				CLANG_ANALYZER_NONNULL = YES;
				CLANG_ANALYZER_NUMBER_OBJECT_CONVERSION = YES_AGGRESSIVE;
				CLANG_CXX_LANGUAGE_STANDARD = "gnu++20";
				CLANG_ENABLE_MODULES = YES;
				CLANG_ENABLE_OBJC_ARC = YES;
				CLANG_ENABLE_OBJC_WEAK = YES;
				CLANG_WARN_BLOCK_CAPTURE_AUTORELEASING = YES;
				CLANG_WARN_BOOL_CONVERSION = YES;
				CLANG_WARN_COMMA = YES;
				CLANG_WARN_CONSTANT_CONVERSION = YES;
				CLANG_WARN_DEPRECATED_OBJC_IMPLEMENTATIONS = YES;
				CLANG_WARN_DIRECT_OBJC_ISA_USAGE = YES_ERROR;
				CLANG_WARN_DOCUMENTATION_COMMENTS = YES;
				CLANG_WARN_EMPTY_BODY = YES;
				CLANG_WARN_ENUM_CONVERSION = YES;
				CLANG_WARN_INFINITE_RECURSION = YES;
				CLANG_WARN_INT_CONVERSION = YES;
				CLANG_WARN_NON_LITERAL_NULL_CONVERSION = YES;
				CLANG_WARN_OBJC_IMPLICIT_RETAIN_SELF = YES;
				CLANG_WARN_OBJC_LITERAL_CONVERSION = YES;
				CLANG_WARN_OBJC_ROOT_CLASS = YES_ERROR;
				CLANG_WARN_QUOTED_INCLUDE_IN_FRAMEWORK_HEADER = YES;
				CLANG_WARN_RANGE_LOOP_ANALYSIS = YES;
				CLANG_WARN_STRICT_PROTOTYPES = YES;
				CLANG_WARN_SUSPICIOUS_MOVE = YES;
				CLANG_WARN_UNGUARDED_AVAILABILITY = YES_AGGRESSIVE;
				CLANG_WARN_UNREACHABLE_CODE = YES;
				CLANG_WARN__DUPLICATE_METHOD_MATCH = YES;
				COPY_PHASE_STRIP = NO;
				DEBUG_INFORMATION_FORMAT = "dwarf-with-dsym";
				ENABLE_NS_ASSERTIONS = NO;
				ENABLE_STRICT_OBJC_MSGSEND = YES;
				GCC_C_LANGUAGE_STANDARD = gnu11;
				GCC_NO_COMMON_BLOCKS = YES;
				GCC_WARN_64_TO_32_BIT_CONVERSION = YES;
				GCC_WARN_ABOUT_RETURN_TYPE = YES_ERROR;
				GCC_WARN_UNDECLARED_SELECTOR = YES;
				GCC_WARN_UNINITIALIZED_AUTOS = YES_AGGRESSIVE;
				GCC_WARN_UNUSED_FUNCTION = YES;
				GCC_WARN_UNUSED_VARIABLE = YES;
				IPHONEOS_DEPLOYMENT_TARGET = 16.2;
				MTL_ENABLE_DEBUG_INFO = NO;
				MTL_FAST_MATH = YES;
				SDKROOT = iphoneos;
				SWIFT_COMPILATION_MODE = wholemodule;
				SWIFT_OPTIMIZATION_LEVEL = "-O";
				VALIDATE_PRODUCT = YES;
			};
			name = Release;
		};
		C796C35B299D3AEB00ADC141 /* Debug */ = {
			isa = XCBuildConfiguration;
			buildSettings = {
				ASSETCATALOG_COMPILER_APPICON_NAME = AppIcon;
				ASSETCATALOG_COMPILER_GLOBAL_ACCENT_COLOR_NAME = AccentColor;
				CODE_SIGN_STYLE = Automatic;
				CURRENT_PROJECT_VERSION = 1;
				DEVELOPMENT_TEAM = P3QLTH5V5D;
				GENERATE_INFOPLIST_FILE = YES;
				INFOPLIST_FILE = AsteroidStrike/Info.plist;
				INFOPLIST_KEY_UIApplicationSupportsIndirectInputEvents = YES;
				INFOPLIST_KEY_UILaunchStoryboardName = LaunchScreen;
				INFOPLIST_KEY_UIMainStoryboardFile = Main;
				INFOPLIST_KEY_UISupportedInterfaceOrientations_iPad = "UIInterfaceOrientationPortrait UIInterfaceOrientationPortraitUpsideDown UIInterfaceOrientationLandscapeLeft UIInterfaceOrientationLandscapeRight";
				INFOPLIST_KEY_UISupportedInterfaceOrientations_iPhone = "UIInterfaceOrientationPortrait UIInterfaceOrientationLandscapeLeft UIInterfaceOrientationLandscapeRight";
				LD_RUNPATH_SEARCH_PATHS = (
					"$(inherited)",
					"@executable_path/Frameworks",
				);
				MARKETING_VERSION = 1.0;
				PRODUCT_BUNDLE_IDENTIFIER = "Charisma-Kausar.AsteroidStrike";
				PRODUCT_NAME = "$(TARGET_NAME)";
				SWIFT_EMIT_LOC_STRINGS = YES;
				SWIFT_VERSION = 5.0;
				TARGETED_DEVICE_FAMILY = "1,2";
			};
			name = Debug;
		};
		C796C35C299D3AEB00ADC141 /* Release */ = {
			isa = XCBuildConfiguration;
			buildSettings = {
				ASSETCATALOG_COMPILER_APPICON_NAME = AppIcon;
				ASSETCATALOG_COMPILER_GLOBAL_ACCENT_COLOR_NAME = AccentColor;
				CODE_SIGN_STYLE = Automatic;
				CURRENT_PROJECT_VERSION = 1;
				DEVELOPMENT_TEAM = P3QLTH5V5D;
				GENERATE_INFOPLIST_FILE = YES;
				INFOPLIST_FILE = AsteroidStrike/Info.plist;
				INFOPLIST_KEY_UIApplicationSupportsIndirectInputEvents = YES;
				INFOPLIST_KEY_UILaunchStoryboardName = LaunchScreen;
				INFOPLIST_KEY_UIMainStoryboardFile = Main;
				INFOPLIST_KEY_UISupportedInterfaceOrientations_iPad = "UIInterfaceOrientationPortrait UIInterfaceOrientationPortraitUpsideDown UIInterfaceOrientationLandscapeLeft UIInterfaceOrientationLandscapeRight";
				INFOPLIST_KEY_UISupportedInterfaceOrientations_iPhone = "UIInterfaceOrientationPortrait UIInterfaceOrientationLandscapeLeft UIInterfaceOrientationLandscapeRight";
				LD_RUNPATH_SEARCH_PATHS = (
					"$(inherited)",
					"@executable_path/Frameworks",
				);
				MARKETING_VERSION = 1.0;
				PRODUCT_BUNDLE_IDENTIFIER = "Charisma-Kausar.AsteroidStrike";
				PRODUCT_NAME = "$(TARGET_NAME)";
				SWIFT_EMIT_LOC_STRINGS = YES;
				SWIFT_VERSION = 5.0;
				TARGETED_DEVICE_FAMILY = "1,2";
			};
			name = Release;
		};
		C796C35E299D3AEB00ADC141 /* Debug */ = {
			isa = XCBuildConfiguration;
			buildSettings = {
				ALWAYS_EMBED_SWIFT_STANDARD_LIBRARIES = YES;
				BUNDLE_LOADER = "$(TEST_HOST)";
				CODE_SIGN_STYLE = Automatic;
				CURRENT_PROJECT_VERSION = 1;
				DEVELOPMENT_TEAM = P3QLTH5V5D;
				GENERATE_INFOPLIST_FILE = YES;
				IPHONEOS_DEPLOYMENT_TARGET = 16.2;
				MARKETING_VERSION = 1.0;
				PRODUCT_BUNDLE_IDENTIFIER = "Charisma-Kausar.AsteroidStrikeTests";
				PRODUCT_NAME = "$(TARGET_NAME)";
				SWIFT_EMIT_LOC_STRINGS = NO;
				SWIFT_VERSION = 5.0;
				TARGETED_DEVICE_FAMILY = "1,2";
				TEST_HOST = "$(BUILT_PRODUCTS_DIR)/AsteroidStrike.app/$(BUNDLE_EXECUTABLE_FOLDER_PATH)/AsteroidStrike";
			};
			name = Debug;
		};
		C796C35F299D3AEB00ADC141 /* Release */ = {
			isa = XCBuildConfiguration;
			buildSettings = {
				ALWAYS_EMBED_SWIFT_STANDARD_LIBRARIES = YES;
				BUNDLE_LOADER = "$(TEST_HOST)";
				CODE_SIGN_STYLE = Automatic;
				CURRENT_PROJECT_VERSION = 1;
				DEVELOPMENT_TEAM = P3QLTH5V5D;
				GENERATE_INFOPLIST_FILE = YES;
				IPHONEOS_DEPLOYMENT_TARGET = 16.2;
				MARKETING_VERSION = 1.0;
				PRODUCT_BUNDLE_IDENTIFIER = "Charisma-Kausar.AsteroidStrikeTests";
				PRODUCT_NAME = "$(TARGET_NAME)";
				SWIFT_EMIT_LOC_STRINGS = NO;
				SWIFT_VERSION = 5.0;
				TARGETED_DEVICE_FAMILY = "1,2";
				TEST_HOST = "$(BUILT_PRODUCTS_DIR)/AsteroidStrike.app/$(BUNDLE_EXECUTABLE_FOLDER_PATH)/AsteroidStrike";
			};
			name = Release;
		};
		C796C361299D3AEB00ADC141 /* Debug */ = {
			isa = XCBuildConfiguration;
			buildSettings = {
				ALWAYS_EMBED_SWIFT_STANDARD_LIBRARIES = YES;
				CODE_SIGN_STYLE = Automatic;
				CURRENT_PROJECT_VERSION = 1;
				DEVELOPMENT_TEAM = P3QLTH5V5D;
				GENERATE_INFOPLIST_FILE = YES;
				MARKETING_VERSION = 1.0;
				PRODUCT_BUNDLE_IDENTIFIER = "Charisma-Kausar.AsteroidStrikeUITests";
				PRODUCT_NAME = "$(TARGET_NAME)";
				SWIFT_EMIT_LOC_STRINGS = NO;
				SWIFT_VERSION = 5.0;
				TARGETED_DEVICE_FAMILY = "1,2";
				TEST_TARGET_NAME = AsteroidStrike;
			};
			name = Debug;
		};
		C796C362299D3AEB00ADC141 /* Release */ = {
			isa = XCBuildConfiguration;
			buildSettings = {
				ALWAYS_EMBED_SWIFT_STANDARD_LIBRARIES = YES;
				CODE_SIGN_STYLE = Automatic;
				CURRENT_PROJECT_VERSION = 1;
				DEVELOPMENT_TEAM = P3QLTH5V5D;
				GENERATE_INFOPLIST_FILE = YES;
				MARKETING_VERSION = 1.0;
				PRODUCT_BUNDLE_IDENTIFIER = "Charisma-Kausar.AsteroidStrikeUITests";
				PRODUCT_NAME = "$(TARGET_NAME)";
				SWIFT_EMIT_LOC_STRINGS = NO;
				SWIFT_VERSION = 5.0;
				TARGETED_DEVICE_FAMILY = "1,2";
				TEST_TARGET_NAME = AsteroidStrike;
			};
			name = Release;
		};
/* End XCBuildConfiguration section */

/* Begin XCConfigurationList section */
		C796C32B299D3AE800ADC141 /* Build configuration list for PBXProject "AsteroidStrike" */ = {
			isa = XCConfigurationList;
			buildConfigurations = (
				C796C358299D3AEB00ADC141 /* Debug */,
				C796C359299D3AEB00ADC141 /* Release */,
			);
			defaultConfigurationIsVisible = 0;
			defaultConfigurationName = Release;
		};
		C796C35A299D3AEB00ADC141 /* Build configuration list for PBXNativeTarget "AsteroidStrike" */ = {
			isa = XCConfigurationList;
			buildConfigurations = (
				C796C35B299D3AEB00ADC141 /* Debug */,
				C796C35C299D3AEB00ADC141 /* Release */,
			);
			defaultConfigurationIsVisible = 0;
			defaultConfigurationName = Release;
		};
		C796C35D299D3AEB00ADC141 /* Build configuration list for PBXNativeTarget "AsteroidStrikeTests" */ = {
			isa = XCConfigurationList;
			buildConfigurations = (
				C796C35E299D3AEB00ADC141 /* Debug */,
				C796C35F299D3AEB00ADC141 /* Release */,
			);
			defaultConfigurationIsVisible = 0;
			defaultConfigurationName = Release;
		};
		C796C360299D3AEB00ADC141 /* Build configuration list for PBXNativeTarget "AsteroidStrikeUITests" */ = {
			isa = XCConfigurationList;
			buildConfigurations = (
				C796C361299D3AEB00ADC141 /* Debug */,
				C796C362299D3AEB00ADC141 /* Release */,
			);
			defaultConfigurationIsVisible = 0;
			defaultConfigurationName = Release;
		};
/* End XCConfigurationList section */
	};
	rootObject = C796C328299D3AE800ADC141 /* Project object */;
}
